
Microsoft Visual Studio Solution File, Format Version 12.00
# Visual Studio 15
Project("{FAE04EC0-301F-11D3-BF4B-00C04F79EFBC}") = "Assembly-CSharp", "Assembly-CSharp.csproj", "{1BA4156A-3718-F5E4-F764-7B819E6F0491}"
EndProject
Project("{FAE04EC0-301F-11D3-BF4B-00C04F79EFBC}") = "Assembly-CSharp-Editor", "Assembly-CSharp-Editor.csproj", "{68AB33B1-CA20-CA93-25F8-29A64988E485}"
EndProject
Global
	GlobalSection(SolutionConfigurationPlatforms) = preSolution
		Debug|Any CPU = Debug|Any CPU
		Release|Any CPU = Release|Any CPU
	EndGlobalSection
	GlobalSection(ProjectConfigurationPlatforms) = postSolution
		{1BA4156A-3718-F5E4-F764-7B819E6F0491}.Debug|Any CPU.ActiveCfg = Debug|Any CPU
		{1BA4156A-3718-F5E4-F764-7B819E6F0491}.Debug|Any CPU.Build.0 = Debug|Any CPU
		{1BA4156A-3718-F5E4-F764-7B819E6F0491}.Release|Any CPU.ActiveCfg = Release|Any CPU
		{1BA4156A-3718-F5E4-F764-7B819E6F0491}.Release|Any CPU.Build.0 = Release|Any CPU
		{68AB33B1-CA20-CA93-25F8-29A64988E485}.Debug|Any CPU.ActiveCfg = Debug|Any CPU
		{68AB33B1-CA20-CA93-25F8-29A64988E485}.Debug|Any CPU.Build.0 = Debug|Any CPU
		{68AB33B1-CA20-CA93-25F8-29A64988E485}.Release|Any CPU.ActiveCfg = Release|Any CPU
		{68AB33B1-CA20-CA93-25F8-29A64988E485}.Release|Any CPU.Build.0 = Release|Any CPU
	EndGlobalSection
	GlobalSection(SolutionProperties) = preSolution
		HideSolutionNode = FALSE
	EndGlobalSection
EndGlobal
