
Microsoft Visual Studio Solution File, Format Version 12.00
# Visual Studio 16
Project("{FAE04EC0-301F-11D3-BF4B-00C04F79EFBC}") = "Assembly-CSharp", "Assembly-CSharp.csproj", "{608E6CC3-7929-646F-E7F6-CCFF6B14AB0D}"
EndProject
Project("{FAE04EC0-301F-11D3-BF4B-00C04F79EFBC}") = "Assembly-CSharp-Editor", "Assembly-CSharp-Editor.csproj", "{52341DD9-80C2-6263-4BB4-6ED480BEA065}"
EndProject
Global
	GlobalSection(SolutionConfigurationPlatforms) = preSolution
		Debug|Any CPU = Debug|Any CPU
		Release|Any CPU = Release|Any CPU
	EndGlobalSection
	GlobalSection(ProjectConfigurationPlatforms) = postSolution
		{608E6CC3-7929-646F-E7F6-CCFF6B14AB0D}.Debug|Any CPU.ActiveCfg = Debug|Any CPU
		{608E6CC3-7929-646F-E7F6-CCFF6B14AB0D}.Debug|Any CPU.Build.0 = Debug|Any CPU
		{608E6CC3-7929-646F-E7F6-CCFF6B14AB0D}.Release|Any CPU.ActiveCfg = Release|Any CPU
		{608E6CC3-7929-646F-E7F6-CCFF6B14AB0D}.Release|Any CPU.Build.0 = Release|Any CPU
		{52341DD9-80C2-6263-4BB4-6ED480BEA065}.Debug|Any CPU.ActiveCfg = Debug|Any CPU
		{52341DD9-80C2-6263-4BB4-6ED480BEA065}.Debug|Any CPU.Build.0 = Debug|Any CPU
		{52341DD9-80C2-6263-4BB4-6ED480BEA065}.Release|Any CPU.ActiveCfg = Release|Any CPU
		{52341DD9-80C2-6263-4BB4-6ED480BEA065}.Release|Any CPU.Build.0 = Release|Any CPU
	EndGlobalSection
	GlobalSection(SolutionProperties) = preSolution
		HideSolutionNode = FALSE
	EndGlobalSection
	GlobalSection(MonoDevelopProperties) = preSolution
		StartupItem = Assembly-CSharp.csproj
	EndGlobalSection
EndGlobal
